{
  "name": "resources",
  "version": "1.0.0",
  "lockfileVersion": 1,
  "requires": true,
  "dependencies": {
    "backbone": {
      "version": "1.3.3",
      "resolved": "https://registry.npmjs.org/backbone/-/backbone-1.3.3.tgz",
      "integrity": "sha1-TMgOp8sWMaxHSInOQPL4vGg7KZk=",
      "requires": {
        "underscore": "1.8.3"
      }
    },
    "bootstrap": {
      "version": "3.3.7",
      "resolved": "https://registry.npmjs.org/bootstrap/-/bootstrap-3.3.7.tgz",
      "integrity": "sha1-WjiTlFSfIzMIdaOxUGVldPip63E="
    },
    "jquery": {
      "version": "1.12.4",
      "resolved": "https://registry.npmjs.org/jquery/-/jquery-1.12.4.tgz",
      "integrity": "sha1-AeHfuikP5z3rp3zurLD5ui/sngw="
    },
    "jstree": {
      "version": "3.3.4",
      "resolved": "https://registry.npmjs.org/jstree/-/jstree-3.3.4.tgz",
      "integrity": "sha1-PQibuWI71vPyX2TE5M5UezDUAmQ=",
      "requires": {
        "jquery": "1.12.4"
      }
    },
    "jstree-bootstrap-theme": {
      "version": "1.0.1",
      "resolved": "https://registry.npmjs.org/jstree-bootstrap-theme/-/jstree-bootstrap-theme-1.0.1.tgz",
      "integrity": "sha1-fV7cc6hG6Np/lPV6HMXd7p2eq0s=",
      "requires": {
        "jquery": "1.12.4"
      }
    },
    "tui-code-snippet": {
      "version": "1.2.9",
      "resolved": "https://registry.npmjs.org/tui-code-snippet/-/tui-code-snippet-1.2.9.tgz",
      "integrity": "sha512-hCNeB81R3dlnbojYhcfu3Z8binnarFanbJiS3hFkORt5FiEqHfQ1YL82xyQLby5IUaykZJAdCY7l+6hJxwfVSw=="
    },
    "tui-date-picker": {
      "version": "3.0.0",
      "resolved": "https://registry.npmjs.org/tui-date-picker/-/tui-date-picker-3.0.0.tgz",
      "integrity": "sha1-nNL5jL+4iG6F8Fi+gizgHK4moWM=",
      "requires": {
        "jquery": "1.12.4",
        "tui-code-snippet": "1.2.9",
        "tui-time-picker": "1.0.0"
      }
    },
    "tui-grid": {
      "version": "2.6.0",
      "resolved": "https://registry.npmjs.org/tui-grid/-/tui-grid-2.6.0.tgz",
      "integrity": "sha512-B1bXXo0AEuONjMqMzbQ0+PCFj268xSaWS6AP50cDtyhe21UzHcLqTt36xf/aPTpnaN2tPOCR8XrO4tRY9Lq9dg==",
      "requires": {
        "backbone": "1.3.3",
        "jquery": "1.12.4",
        "tui-code-snippet": "1.2.9",
        "tui-date-picker": "3.0.0",
        "tui-pagination": "3.0.0",
        "underscore": "1.8.3"
      }
    },
    "tui-pagination": {
      "version": "3.0.0",
      "resolved": "https://registry.npmjs.org/tui-pagination/-/tui-pagination-3.0.0.tgz",
      "integrity": "sha1-lhGsQd90XY/+eWvK0lE7XFz8Nfk=",
      "requires": {
        "tui-code-snippet": "1.2.9"
      }
    },
    "tui-time-picker": {
      "version": "1.0.0",
      "resolved": "https://registry.npmjs.org/tui-time-picker/-/tui-time-picker-1.0.0.tgz",
      "integrity": "sha1-/crkhwKYlZGiyRy24ZxwjjhOPYo=",
      "requires": {
        "jquery": "1.12.4",
        "tui-code-snippet": "1.2.9"
      }
    },
    "underscore": {
      "version": "1.8.3",
      "resolved": "https://registry.npmjs.org/underscore/-/underscore-1.8.3.tgz",
      "integrity": "sha1-Tz+1OxBuYJf8+ctBCfKl6b36UCI="
    }
  }
}
